// !$*UTF8*$!
{
	archiveVersion = 1;
	classes = {
	};
	objectVersion = 46;
	objects = {

/* Begin PBXBuildFile section */
		71F38CA01EFBC9C60004C4A0 /* AppDelegate.swift in Sources */ = {isa = PBXBuildFile; fileRef = 71F38C9F1EFBC9C60004C4A0 /* AppDelegate.swift */; };
		71F38CA21EFBC9C60004C4A0 /* ViewController.swift in Sources */ = {isa = PBXBuildFile; fileRef = 71F38CA11EFBC9C60004C4A0 /* ViewController.swift */; };
		71F38CA51EFBC9C60004C4A0 /* Main.storyboard in Resources */ = {isa = PBXBuildFile; fileRef = 71F38CA31EFBC9C60004C4A0 /* Main.storyboard */; };
		71F38CA71EFBC9C60004C4A0 /* Assets.xcassets in Resources */ = {isa = PBXBuildFile; fileRef = 71F38CA61EFBC9C60004C4A0 /* Assets.xcassets */; };
		71F38CAA1EFBC9C60004C4A0 /* LaunchScreen.storyboard in Resources */ = {isa = PBXBuildFile; fileRef = 71F38CA81EFBC9C60004C4A0 /* LaunchScreen.storyboard */; };
		953C545EBB3BBCB07B80AA4F /* Pods_CalculatorApp.framework in Frameworks */ = {isa = PBXBuildFile; fileRef = 7A8BF082D5394221DA88F933 /* Pods_CalculatorApp.framework */; };
/* End PBXBuildFile section */

/* Begin PBXFileReference section */
		71F38C9C1EFBC9C60004C4A0 /* CalculatorApp.app */ = {isa = PBXFileReference; explicitFileType = wrapper.application; includeInIndex = 0; path = CalculatorApp.app; sourceTree = BUILT_PRODUCTS_DIR; };
		71F38C9F1EFBC9C60004C4A0 /* AppDelegate.swift */ = {isa = PBXFileReference; lastKnownFileType = sourcecode.swift; path = AppDelegate.swift; sourceTree = "<group>"; };
		71F38CA11EFBC9C60004C4A0 /* ViewController.swift */ = {isa = PBXFileReference; lastKnownFileType = sourcecode.swift; path = ViewController.swift; sourceTree = "<group>"; };
		71F38CA41EFBC9C60004C4A0 /* Base */ = {isa = PBXFileReference; lastKnownFileType = file.storyboard; name = Base; path = Base.lproj/Main.storyboard; sourceTree = "<group>"; };
		71F38CA61EFBC9C60004C4A0 /* Assets.xcassets */ = {isa = PBXFileReference; lastKnownFileType = folder.assetcatalog; path = Assets.xcassets; sourceTree = "<group>"; };
		71F38CA91EFBC9C60004C4A0 /* Base */ = {isa = PBXFileReference; lastKnownFileType = file.storyboard; name = Base; path = Base.lproj/LaunchScreen.storyboard; sourceTree = "<group>"; };
		71F38CAB1EFBC9C60004C4A0 /* Info.plist */ = {isa = PBXFileReference; lastKnownFileType = text.plist.xml; path = Info.plist; sourceTree = "<group>"; };
		7A8BF082D5394221DA88F933 /* Pods_CalculatorApp.framework */ = {isa = PBXFileReference; explicitFileType = wrapper.framework; includeInIndex = 0; path = Pods_CalculatorApp.framework; sourceTree = BUILT_PRODUCTS_DIR; };
		AE8BCF0099D42920F86DB563 /* Pods-CalculatorApp.debug.xcconfig */ = {isa = PBXFileReference; includeInIndex = 1; lastKnownFileType = text.xcconfig; name = "Pods-CalculatorApp.debug.xcconfig"; path = "Pods/Target Support Files/Pods-CalculatorApp/Pods-CalculatorApp.debug.xcconfig"; sourceTree = "<group>"; };
		C6CEDE9EBEC01BA1384DE31C /* Pods-CalculatorApp.release.xcconfig */ = {isa = PBXFileReference; includeInIndex = 1; lastKnownFileType = text.xcconfig; name = "Pods-CalculatorApp.release.xcconfig"; path = "Pods/Target Support Files/Pods-CalculatorApp/Pods-CalculatorApp.release.xcconfig"; sourceTree = "<group>"; };
/* End PBXFileReference section */

/* Begin PBXFrameworksBuildPhase section */
		71F38C991EFBC9C60004C4A0 /* Frameworks */ = {
			isa = PBXFrameworksBuildPhase;
			buildActionMask = 2147483647;
			files = (
				953C545EBB3BBCB07B80AA4F /* Pods_CalculatorApp.framework in Frameworks */,
			);
			runOnlyForDeploymentPostprocessing = 0;
		};
/* End PBXFrameworksBuildPhase section */

/* Begin PBXGroup section */
		0B8B3D53C240BB53EF6A95D4 /* Pods */ = {
			isa = PBXGroup;
			children = (
				AE8BCF0099D42920F86DB563 /* Pods-CalculatorApp.debug.xcconfig */,
				C6CEDE9EBEC01BA1384DE31C /* Pods-CalculatorApp.release.xcconfig */,
			);
			name = Pods;
			sourceTree = "<group>";
		};
		4DC0028705BAE5D68B14B3A2 /* Frameworks */ = {
			isa = PBXGroup;
			children = (
				7A8BF082D5394221DA88F933 /* Pods_CalculatorApp.framework */,
			);
			name = Frameworks;
			sourceTree = "<group>";
		};
		71F38C931EFBC9C60004C4A0 = {
			isa = PBXGroup;
			children = (
				71F38C9E1EFBC9C60004C4A0 /* CalculatorApp */,
				71F38C9D1EFBC9C60004C4A0 /* Products */,
				0B8B3D53C240BB53EF6A95D4 /* Pods */,
				4DC0028705BAE5D68B14B3A2 /* Frameworks */,
			);
			sourceTree = "<group>";
		};
		71F38C9D1EFBC9C60004C4A0 /* Products */ = {
			isa = PBXGroup;
			children = (
				71F38C9C1EFBC9C60004C4A0 /* CalculatorApp.app */,
			);
			name = Products;
			sourceTree = "<group>";
		};
		71F38C9E1EFBC9C60004C4A0 /* CalculatorApp */ = {
			isa = PBXGroup;
			children = (
				71F38C9F1EFBC9C60004C4A0 /* AppDelegate.swift */,
				71F38CA11EFBC9C60004C4A0 /* ViewController.swift */,
				71F38CA31EFBC9C60004C4A0 /* Main.storyboard */,
				71F38CA61EFBC9C60004C4A0 /* Assets.xcassets */,
				71F38CA81EFBC9C60004C4A0 /* LaunchScreen.storyboard */,
				71F38CAB1EFBC9C60004C4A0 /* Info.plist */,
			);
			path = CalculatorApp;
			sourceTree = "<group>";
		};
/* End PBXGroup section */

/* Begin PBXNativeTarget section */
		71F38C9B1EFBC9C60004C4A0 /* CalculatorApp */ = {
			isa = PBXNativeTarget;
			buildConfigurationList = 71F38CAE1EFBC9C60004C4A0 /* Build configuration list for PBXNativeTarget "CalculatorApp" */;
			buildPhases = (
				A9FB55B18D90EECCD14CF0D8 /* [CP] Check Pods Manifest.lock */,
				71F38C981EFBC9C60004C4A0 /* Sources */,
				71F38C991EFBC9C60004C4A0 /* Frameworks */,
				71F38C9A1EFBC9C60004C4A0 /* Resources */,
				D30E662CEF82D818CA672DBE /* [CP] Embed Pods Frameworks */,
				149FF2A7C75063AC852606AC /* [CP] Copy Pods Resources */,
			);
			buildRules = (
			);
			dependencies = (
			);
			name = CalculatorApp;
			productName = CalculatorApp;
			productReference = 71F38C9C1EFBC9C60004C4A0 /* CalculatorApp.app */;
			productType = "com.apple.product-type.application";
		};
/* End PBXNativeTarget section */

/* Begin PBXProject section */
		71F38C941EFBC9C60004C4A0 /* Project object */ = {
			isa = PBXProject;
			attributes = {
				LastSwiftUpdateCheck = 0830;
				LastUpgradeCheck = 0830;
				ORGANIZATIONNAME = keitaro.shishido;
				TargetAttributes = {
					71F38C9B1EFBC9C60004C4A0 = {
						CreatedOnToolsVersion = 8.3.3;
						ProvisioningStyle = Automatic;
					};
				};
			};
			buildConfigurationList = 71F38C971EFBC9C60004C4A0 /* Build configuration list for PBXProject "CalculatorApp" */;
			compatibilityVersion = "Xcode 3.2";
			developmentRegion = English;
			hasScannedForEncodings = 0;
			knownRegions = (
				en,
				Base,
			);
			mainGroup = 71F38C931EFBC9C60004C4A0;
			productRefGroup = 71F38C9D1EFBC9C60004C4A0 /* Products */;
			projectDirPath = "";
			projectRoot = "";
			targets = (
				71F38C9B1EFBC9C60004C4A0 /* CalculatorApp */,
			);
		};
/* End PBXProject section */

/* Begin PBXResourcesBuildPhase section */
		71F38C9A1EFBC9C60004C4A0 /* Resources */ = {
			isa = PBXResourcesBuildPhase;
			buildActionMask = 2147483647;
			files = (
				71F38CAA1EFBC9C60004C4A0 /* LaunchScreen.storyboard in Resources */,
				71F38CA71EFBC9C60004C4A0 /* Assets.xcassets in Resources */,
				71F38CA51EFBC9C60004C4A0 /* Main.storyboard in Resources */,
			);
			runOnlyForDeploymentPostprocessing = 0;
		};
/* End PBXResourcesBuildPhase section */

/* Begin PBXShellScriptBuildPhase section */
		149FF2A7C75063AC852606AC /* [CP] Copy Pods Resources */ = {
			isa = PBXShellScriptBuildPhase;
			buildActionMask = 2147483647;
			files = (
			);
			inputPaths = (
			);
			name = "[CP] Copy Pods Resources";
			outputPaths = (
			);
			runOnlyForDeploymentPostprocessing = 0;
			shellPath = /bin/sh;
			shellScript = "\"${SRCROOT}/Pods/Target Support Files/Pods-CalculatorApp/Pods-CalculatorApp-resources.sh\"\n";
			showEnvVarsInLog = 0;
		};
		A9FB55B18D90EECCD14CF0D8 /* [CP] Check Pods Manifest.lock */ = {
			isa = PBXShellScriptBuildPhase;
			buildActionMask = 2147483647;
			files = (
			);
			inputPaths = (
			);
			name = "[CP] Check Pods Manifest.lock";
			outputPaths = (
			);
			runOnlyForDeploymentPostprocessing = 0;
			shellPath = /bin/sh;
			shellScript = "diff \"${PODS_PODFILE_DIR_PATH}/Podfile.lock\" \"${PODS_ROOT}/Manifest.lock\" > /dev/null\nif [ $? != 0 ] ; then\n    # print error to STDERR\n    echo \"error: The sandbox is not in sync with the Podfile.lock. Run 'pod install' or update your CocoaPods installation.\" >&2\n    exit 1\nfi\n";
			showEnvVarsInLog = 0;
		};
		D30E662CEF82D818CA672DBE /* [CP] Embed Pods Frameworks */ = {
			isa = PBXShellScriptBuildPhase;
			buildActionMask = 2147483647;
			files = (
			);
			inputPaths = (
			);
			name = "[CP] Embed Pods Frameworks";
			outputPaths = (
			);
			runOnlyForDeploymentPostprocessing = 0;
			shellPath = /bin/sh;
			shellScript = "\"${SRCROOT}/Pods/Target Support Files/Pods-CalculatorApp/Pods-CalculatorApp-frameworks.sh\"\n";
			showEnvVarsInLog = 0;
		};
/* End PBXShellScriptBuildPhase section */

/* Begin PBXSourcesBuildPhase section */
		71F38C981EFBC9C60004C4A0 /* Sources */ = {
			isa = PBXSourcesBuildPhase;
			buildActionMask = 2147483647;
			files = (
				71F38CA21EFBC9C60004C4A0 /* ViewController.swift in Sources */,
				71F38CA01EFBC9C60004C4A0 /* AppDelegate.swift in Sources */,
			);
			runOnlyForDeploymentPostprocessing = 0;
		};
/* End PBXSourcesBuildPhase section */

/* Begin PBXVariantGroup section */
		71F38CA31EFBC9C60004C4A0 /* Main.storyboard */ = {
			isa = PBXVariantGroup;
			children = (
				71F38CA41EFBC9C60004C4A0 /* Base */,
			);
			name = Main.storyboard;
			sourceTree = "<group>";
		};
		71F38CA81EFBC9C60004C4A0 /* LaunchScreen.storyboard */ = {
			isa = PBXVariantGroup;
			children = (
				71F38CA91EFBC9C60004C4A0 /* Base */,
			);
			name = LaunchScreen.storyboard;
			sourceTree = "<group>";
		};
/* End PBXVariantGroup section */

/* Begin XCBuildConfiguration section */
		71F38CAC1EFBC9C60004C4A0 /* Debug */ = {
			isa = XCBuildConfiguration;
			buildSettings = {
				ALWAYS_SEARCH_USER_PATHS = NO;
				CLANG_ANALYZER_NONNULL = YES;
				CLANG_ANALYZER_NUMBER_OBJECT_CONVERSION = YES_AGGRESSIVE;
				CLANG_CXX_LANGUAGE_STANDARD = "gnu++0x";
				CLANG_CXX_LIBRARY = "libc++";
				CLANG_ENABLE_MODULES = YES;
				CLANG_ENABLE_OBJC_ARC = YES;
				CLANG_WARN_BOOL_CONVERSION = YES;
				CLANG_WARN_CONSTANT_CONVERSION = YES;
				CLANG_WARN_DIRECT_OBJC_ISA_USAGE = YES_ERROR;
				CLANG_WARN_DOCUMENTATION_COMMENTS = YES;
				CLANG_WARN_EMPTY_BODY = YES;
				CLANG_WARN_ENUM_CONVERSION = YES;
				CLANG_WARN_INFINITE_RECURSION = YES;
				CLANG_WARN_INT_CONVERSION = YES;
				CLANG_WARN_OBJC_ROOT_CLASS = YES_ERROR;
				CLANG_WARN_SUSPICIOUS_MOVE = YES;
				CLANG_WARN_UNREACHABLE_CODE = YES;
				CLANG_WARN__DUPLICATE_METHOD_MATCH = YES;
				"CODE_SIGN_IDENTITY[sdk=iphoneos*]" = "iPhone Developer";
				COPY_PHASE_STRIP = NO;
				DEBUG_INFORMATION_FORMAT = dwarf;
				ENABLE_STRICT_OBJC_MSGSEND = YES;
				ENABLE_TESTABILITY = YES;
				GCC_C_LANGUAGE_STANDARD = gnu99;
				GCC_DYNAMIC_NO_PIC = NO;
				GCC_NO_COMMON_BLOCKS = YES;
				GCC_OPTIMIZATION_LEVEL = 0;
				GCC_PREPROCESSOR_DEFINITIONS = (
					"DEBUG=1",
					"$(inherited)",
				);
				GCC_WARN_64_TO_32_BIT_CONVERSION = YES;
				GCC_WARN_ABOUT_RETURN_TYPE = YES_ERROR;
				GCC_WARN_UNDECLARED_SELECTOR = YES;
				GCC_WARN_UNINITIALIZED_AUTOS = YES_AGGRESSIVE;
				GCC_WARN_UNUSED_FUNCTION = YES;
				GCC_WARN_UNUSED_VARIABLE = YES;
				IPHONEOS_DEPLOYMENT_TARGET = 10.3;
				MTL_ENABLE_DEBUG_INFO = YES;
				ONLY_ACTIVE_ARCH = YES;
				SDKROOT = iphoneos;
				SWIFT_ACTIVE_COMPILATION_CONDITIONS = DEBUG;
				SWIFT_OPTIMIZATION_LEVEL = "-Onone";
			};
			name = Debug;
		};
		71F38CAD1EFBC9C60004C4A0 /* Release */ = {
			isa = XCBuildConfiguration;
			buildSettings = {
				ALWAYS_SEARCH_USER_PATHS = NO;
				CLANG_ANALYZER_NONNULL = YES;
				CLANG_ANALYZER_NUMBER_OBJECT_CONVERSION = YES_AGGRESSIVE;
				CLANG_CXX_LANGUAGE_STANDARD = "gnu++0x";
				CLANG_CXX_LIBRARY = "libc++";
				CLANG_ENABLE_MODULES = YES;
				CLANG_ENABLE_OBJC_ARC = YES;
				CLANG_WARN_BOOL_CONVERSION = YES;
				CLANG_WARN_CONSTANT_CONVERSION = YES;
				CLANG_WARN_DIRECT_OBJC_ISA_USAGE = YES_ERROR;
				CLANG_WARN_DOCUMENTATION_COMMENTS = YES;
				CLANG_WARN_EMPTY_BODY = YES;
				CLANG_WARN_ENUM_CONVERSION = YES;
				CLANG_WARN_INFINITE_RECURSION = YES;
				CLANG_WARN_INT_CONVERSION = YES;
				CLANG_WARN_OBJC_ROOT_CLASS = YES_ERROR;
				CLANG_WARN_SUSPICIOUS_MOVE = YES;
				CLANG_WARN_UNREACHABLE_CODE = YES;
				CLANG_WARN__DUPLICATE_METHOD_MATCH = YES;
				"CODE_SIGN_IDENTITY[sdk=iphoneos*]" = "iPhone Developer";
				COPY_PHASE_STRIP = NO;
				DEBUG_INFORMATION_FORMAT = "dwarf-with-dsym";
				ENABLE_NS_ASSERTIONS = NO;
				ENABLE_STRICT_OBJC_MSGSEND = YES;
				GCC_C_LANGUAGE_STANDARD = gnu99;
				GCC_NO_COMMON_BLOCKS = YES;
				GCC_WARN_64_TO_32_BIT_CONVERSION = YES;
				GCC_WARN_ABOUT_RETURN_TYPE = YES_ERROR;
				GCC_WARN_UNDECLARED_SELECTOR = YES;
				GCC_WARN_UNINITIALIZED_AUTOS = YES_AGGRESSIVE;
				GCC_WARN_UNUSED_FUNCTION = YES;
				GCC_WARN_UNUSED_VARIABLE = YES;
				IPHONEOS_DEPLOYMENT_TARGET = 10.3;
				MTL_ENABLE_DEBUG_INFO = NO;
				SDKROOT = iphoneos;
				SWIFT_OPTIMIZATION_LEVEL = "-Owholemodule";
				VALIDATE_PRODUCT = YES;
			};
			name = Release;
		};
		71F38CAF1EFBC9C60004C4A0 /* Debug */ = {
			isa = XCBuildConfiguration;
			baseConfigurationReference = AE8BCF0099D42920F86DB563 /* Pods-CalculatorApp.debug.xcconfig */;
			buildSettings = {
				ASSETCATALOG_COMPILER_APPICON_NAME = AppIcon;
				INFOPLIST_FILE = CalculatorApp/Info.plist;
				LD_RUNPATH_SEARCH_PATHS = "$(inherited) @executable_path/Frameworks";
				PRODUCT_BUNDLE_IDENTIFIER = com.github.keitaro1020.CalculatorApp;
				PRODUCT_NAME = "$(TARGET_NAME)";
				SWIFT_VERSION = 3.0;
			};
			name = Debug;
		};
		71F38CB01EFBC9C60004C4A0 /* Release */ = {
			isa = XCBuildConfiguration;
			baseConfigurationReference = C6CEDE9EBEC01BA1384DE31C /* Pods-CalculatorApp.release.xcconfig */;
			buildSettings = {
				ASSETCATALOG_COMPILER_APPICON_NAME = AppIcon;
				INFOPLIST_FILE = CalculatorApp/Info.plist;
				LD_RUNPATH_SEARCH_PATHS = "$(inherited) @executable_path/Frameworks";
				PRODUCT_BUNDLE_IDENTIFIER = com.github.keitaro1020.CalculatorApp;
				PRODUCT_NAME = "$(TARGET_NAME)";
				SWIFT_VERSION = 3.0;
			};
			name = Release;
		};
/* End XCBuildConfiguration section */

/* Begin XCConfigurationList section */
		71F38C971EFBC9C60004C4A0 /* Build configuration list for PBXProject "CalculatorApp" */ = {
			isa = XCConfigurationList;
			buildConfigurations = (
				71F38CAC1EFBC9C60004C4A0 /* Debug */,
				71F38CAD1EFBC9C60004C4A0 /* Release */,
			);
			defaultConfigurationIsVisible = 0;
			defaultConfigurationName = Release;
		};
		71F38CAE1EFBC9C60004C4A0 /* Build configuration list for PBXNativeTarget "CalculatorApp" */ = {
			isa = XCConfigurationList;
			buildConfigurations = (
				71F38CAF1EFBC9C60004C4A0 /* Debug */,
				71F38CB01EFBC9C60004C4A0 /* Release */,
			);
			defaultConfigurationIsVisible = 0;
		};
/* End XCConfigurationList section */
	};
	rootObject = 71F38C941EFBC9C60004C4A0 /* Project object */;
}
